
Microsoft Visual Studio Solution File, Format Version 12.00
# Visual Studio 2012
Project("{FAE04EC0-301F-11D3-BF4B-00C04F79EFBC}") = "BatteryInfo", "BatteryInfo\BatteryInfo.csproj", "{FBDA6489-741F-45E0-BBED-09F7E5FCAC37}"
EndProject
Global
	GlobalSection(SolutionConfigurationPlatforms) = preSolution
		Debug|Any CPU = Debug|Any CPU
		Release|Any CPU = Release|Any CPU
	EndGlobalSection
	GlobalSection(ProjectConfigurationPlatforms) = postSolution
		{FBDA6489-741F-45E0-BBED-09F7E5FCAC37}.Debug|Any CPU.ActiveCfg = Debug|Any CPU
		{FBDA6489-741F-45E0-BBED-09F7E5FCAC37}.Debug|Any CPU.Build.0 = Debug|Any CPU
		{FBDA6489-741F-45E0-BBED-09F7E5FCAC37}.Release|Any CPU.ActiveCfg = Release|Any CPU
		{FBDA6489-741F-45E0-BBED-09F7E5FCAC37}.Release|Any CPU.Build.0 = Release|Any CPU
	EndGlobalSection
EndGlobal
